PODS:
  - BSImagePicker (3.3.1)
  - Flutter (1.0.0)
  - multi_image_picker (4.7.15):
    - BSImagePicker (~> 3.3.1)
    - Flutter

DEPENDENCIES:
  - Flutter (from `Flutter`)
  - multi_image_picker (from `.symlinks/plugins/multi_image_picker/ios`)

SPEC REPOS:
  trunk:
    - BSImagePicker

EXTERNAL SOURCES:
  Flutter:
    :path: Flutter
  multi_image_picker:
    :path: ".symlinks/plugins/multi_image_picker/ios"

SPEC CHECKSUMS:
  BSImagePicker: 0fe04b574d4d6b81093785d2af6c26227efc8428
  Flutter: 0e3d915762c693b495b44d77113d4970485de6ec
  multi_image_picker: 35f2953a369df0844a79f91419a7c3fe5e0965fe

PODFILE CHECKSUM: 0ba44ad07df4ab62269dc769727cf0f12b1e453d

COCOAPODS: 1.9.3
