PODS:
  - BSImagePicker (3.3.0)
  - Flutter (1.0.0)
  - multi_image_picker (4.7.15):
    - BSImagePicker (~> 3.3.0)
    - Flutter

DEPENDENCIES:
  - Flutter (from `Flutter`)
  - multi_image_picker (from `.symlinks/plugins/multi_image_picker/ios`)

SPEC REPOS:
  trunk:
    - BSImagePicker

EXTERNAL SOURCES:
  Flutter:
    :path: Flutter
  multi_image_picker:
    :path: ".symlinks/plugins/multi_image_picker/ios"

SPEC CHECKSUMS:
  BSImagePicker: ebcf807d98f03bbfbfe3a7fe1b89d25f26d34961
  Flutter: 0e3d915762c693b495b44d77113d4970485de6ec
  multi_image_picker: a8a7a399a728a85b8cb0859d69b64d070930903b

PODFILE CHECKSUM: 0ba44ad07df4ab62269dc769727cf0f12b1e453d

COCOAPODS: 1.9.3
