PODS:
  - BSImagePicker (3.2.1)
  - Flutter (1.0.0)
  - multi_image_picker (4.7.15):
    - BSImagePicker (~> 3.2.1)
    - Flutter

DEPENDENCIES:
  - Flutter (from `Flutter`)
  - multi_image_picker (from `.symlinks/plugins/multi_image_picker/ios`)

SPEC REPOS:
  trunk:
    - BSImagePicker

EXTERNAL SOURCES:
  Flutter:
    :path: Flutter
  multi_image_picker:
    :path: ".symlinks/plugins/multi_image_picker/ios"

SPEC CHECKSUMS:
  BSImagePicker: 5e87fe42526efdc3fe8ea23d6e4fac9eef43ecfb
  Flutter: 0e3d915762c693b495b44d77113d4970485de6ec
  multi_image_picker: da859d4f66fc11a479eebeffda840e0a4e79667f

PODFILE CHECKSUM: 0ba44ad07df4ab62269dc769727cf0f12b1e453d

COCOAPODS: 1.9.3
